
Microsoft Visual Studio Solution File, Format Version 12.00
# Visual Studio Version 16
VisualStudioVersion = 16.0.32002.261
MinimumVisualStudioVersion = 10.0.40219.1
Project("{FAE04EC0-301F-11D3-BF4B-00C04F79EFBC}") = "WebApplication5_CRUD_With_MVC_EntityFramework", "WebApplication5_CRUD_With_MVC_EntityFramework\WebApplication5_CRUD_With_MVC_EntityFramework.csproj", "{6838C844-E780-4E23-810C-76504992B723}"
EndProject
Global
	GlobalSection(SolutionConfigurationPlatforms) = preSolution
		Debug|Any CPU = Debug|Any CPU
		Release|Any CPU = Release|Any CPU
	EndGlobalSection
	GlobalSection(ProjectConfigurationPlatforms) = postSolution
		{6838C844-E780-4E23-810C-76504992B723}.Debug|Any CPU.ActiveCfg = Debug|Any CPU
		{6838C844-E780-4E23-810C-76504992B723}.Debug|Any CPU.Build.0 = Debug|Any CPU
		{6838C844-E780-4E23-810C-76504992B723}.Release|Any CPU.ActiveCfg = Release|Any CPU
		{6838C844-E780-4E23-810C-76504992B723}.Release|Any CPU.Build.0 = Release|Any CPU
	EndGlobalSection
	GlobalSection(SolutionProperties) = preSolution
		HideSolutionNode = FALSE
	EndGlobalSection
	GlobalSection(ExtensibilityGlobals) = postSolution
		SolutionGuid = {22D39C56-5654-4CFB-9B5A-0A511A89D143}
	EndGlobalSection
EndGlobal
